Microsoft Visual Studio Solution File, Format Version 12.00
# Visual Studio 15
VisualStudioVersion = 15.0.28307.168
MinimumVisualStudioVersion = 10.0.40219.1
Project("{6EC3EE1D-3C4E-46DD-8F32-0CC8E7565705}") = "OverlayDemo", "OverlayDemo\OverlayDemo.fsproj", "{0745F271-A00A-4371-BDE1-7FCF2B5C9047}"
EndProject
Global
	GlobalSection(SolutionConfigurationPlatforms) = preSolution
		Debug|Any CPU = Debug|Any CPU
		Release|Any CPU = Release|Any CPU
	EndGlobalSection
	GlobalSection(ProjectConfigurationPlatforms) = postSolution
		{0745F271-A00A-4371-BDE1-7FCF2B5C9047}.Debug|Any CPU.ActiveCfg = Debug|Any CPU
		{0745F271-A00A-4371-BDE1-7FCF2B5C9047}.Debug|Any CPU.Build.0 = Debug|Any CPU
		{0745F271-A00A-4371-BDE1-7FCF2B5C9047}.Release|Any CPU.ActiveCfg = Release|Any CPU
		{0745F271-A00A-4371-BDE1-7FCF2B5C9047}.Release|Any CPU.Build.0 = Release|Any CPU
	EndGlobalSection
	GlobalSection(SolutionProperties) = preSolution
		HideSolutionNode = FALSE
	EndGlobalSection
	GlobalSection(ExtensibilityGlobals) = postSolution
		SolutionGuid = {140033B4-431B-4BE0-9B13-D7A47CB21915}
	EndGlobalSection
EndGlobal
